
Microsoft Visual Studio Solution File, Format Version 12.00
# Visual Studio Version 16
VisualStudioVersion = 16.0.29326.143
MinimumVisualStudioVersion = 10.0.40219.1
Project("{9A19103F-16F7-4668-BE54-9A1E7A4F7556}") = "eMentorUserServices", "eMentorUserServices\eMentorUserServices.csproj", "{74E14D9C-9E40-4D6E-B2AE-7652BC2E716B}"
EndProject
Project("{2150E333-8FDC-42A3-9474-1A3956D46DE8}") = "library", "library", "{06876C3E-35F2-4354-BCE0-B5929C53DA47}"
EndProject
Project("{FAE04EC0-301F-11D3-BF4B-00C04F79EFBC}") = "eMentor.DBContext", "eMentor.DBContext\eMentor.DBContext.csproj", "{3CCEA1C2-E380-4B07-A015-B81E50FFF93D}"
EndProject
Project("{FAE04EC0-301F-11D3-BF4B-00C04F79EFBC}") = "eMentor.Data", "eMentor.Data\eMentor.Data.csproj", "{C910F2F8-1598-4871-871C-C0B3826F565E}"
EndProject
Project("{FAE04EC0-301F-11D3-BF4B-00C04F79EFBC}") = "eMentor.Common", "eMentor.Common\eMentor.Common.csproj", "{87017AC7-04EC-4ACF-A659-5FC7722B42AF}"
EndProject
Global
	GlobalSection(SolutionConfigurationPlatforms) = preSolution
		Debug|Any CPU = Debug|Any CPU
		Release|Any CPU = Release|Any CPU
	EndGlobalSection
	GlobalSection(ProjectConfigurationPlatforms) = postSolution
		{74E14D9C-9E40-4D6E-B2AE-7652BC2E716B}.Debug|Any CPU.ActiveCfg = Debug|Any CPU
		{74E14D9C-9E40-4D6E-B2AE-7652BC2E716B}.Debug|Any CPU.Build.0 = Debug|Any CPU
		{74E14D9C-9E40-4D6E-B2AE-7652BC2E716B}.Release|Any CPU.ActiveCfg = Release|Any CPU
		{74E14D9C-9E40-4D6E-B2AE-7652BC2E716B}.Release|Any CPU.Build.0 = Release|Any CPU
		{3CCEA1C2-E380-4B07-A015-B81E50FFF93D}.Debug|Any CPU.ActiveCfg = Debug|Any CPU
		{3CCEA1C2-E380-4B07-A015-B81E50FFF93D}.Debug|Any CPU.Build.0 = Debug|Any CPU
		{3CCEA1C2-E380-4B07-A015-B81E50FFF93D}.Release|Any CPU.ActiveCfg = Release|Any CPU
		{3CCEA1C2-E380-4B07-A015-B81E50FFF93D}.Release|Any CPU.Build.0 = Release|Any CPU
		{C910F2F8-1598-4871-871C-C0B3826F565E}.Debug|Any CPU.ActiveCfg = Debug|Any CPU
		{C910F2F8-1598-4871-871C-C0B3826F565E}.Debug|Any CPU.Build.0 = Debug|Any CPU
		{C910F2F8-1598-4871-871C-C0B3826F565E}.Release|Any CPU.ActiveCfg = Release|Any CPU
		{C910F2F8-1598-4871-871C-C0B3826F565E}.Release|Any CPU.Build.0 = Release|Any CPU
		{87017AC7-04EC-4ACF-A659-5FC7722B42AF}.Debug|Any CPU.ActiveCfg = Debug|Any CPU
		{87017AC7-04EC-4ACF-A659-5FC7722B42AF}.Debug|Any CPU.Build.0 = Debug|Any CPU
		{87017AC7-04EC-4ACF-A659-5FC7722B42AF}.Release|Any CPU.ActiveCfg = Release|Any CPU
		{87017AC7-04EC-4ACF-A659-5FC7722B42AF}.Release|Any CPU.Build.0 = Release|Any CPU
	EndGlobalSection
	GlobalSection(SolutionProperties) = preSolution
		HideSolutionNode = FALSE
	EndGlobalSection
	GlobalSection(NestedProjects) = preSolution
		{3CCEA1C2-E380-4B07-A015-B81E50FFF93D} = {06876C3E-35F2-4354-BCE0-B5929C53DA47}
		{C910F2F8-1598-4871-871C-C0B3826F565E} = {06876C3E-35F2-4354-BCE0-B5929C53DA47}
		{87017AC7-04EC-4ACF-A659-5FC7722B42AF} = {06876C3E-35F2-4354-BCE0-B5929C53DA47}
	EndGlobalSection
	GlobalSection(ExtensibilityGlobals) = postSolution
		SolutionGuid = {DF3C339C-FC28-4A5E-A524-D59CBFF058F5}
	EndGlobalSection
EndGlobal
